// !$*UTF8*$!
{
	archiveVersion = 1;
	classes = {
	};
	objectVersion = 46;
	objects = {

/* Begin PBXBuildFile section */
		20FBB69D1ADEDA03000C8043 /* AppDelegate.swift in Sources */ = {isa = PBXBuildFile; fileRef = 20FBB69C1ADEDA03000C8043 /* AppDelegate.swift */; };
		20FBB69F1ADEDA03000C8043 /* ViewController.swift in Sources */ = {isa = PBXBuildFile; fileRef = 20FBB69E1ADEDA03000C8043 /* ViewController.swift */; };
		20FBB6A21ADEDA03000C8043 /* Main.storyboard in Resources */ = {isa = PBXBuildFile; fileRef = 20FBB6A01ADEDA03000C8043 /* Main.storyboard */; };
		20FBB6A41ADEDA03000C8043 /* Images.xcassets in Resources */ = {isa = PBXBuildFile; fileRef = 20FBB6A31ADEDA03000C8043 /* Images.xcassets */; };
		20FBB6A71ADEDA03000C8043 /* LaunchScreen.xib in Resources */ = {isa = PBXBuildFile; fileRef = 20FBB6A51ADEDA03000C8043 /* LaunchScreen.xib */; };
		20FBB6B31ADEDA04000C8043 /* TipCalculatorTests.swift in Sources */ = {isa = PBXBuildFile; fileRef = 20FBB6B21ADEDA04000C8043 /* TipCalculatorTests.swift */; };
		20FBB6BD1ADEDBB9000C8043 /* TipCalculatorModel.swift in Sources */ = {isa = PBXBuildFile; fileRef = 20FBB6BC1ADEDBB9000C8043 /* TipCalculatorModel.swift */; };
/* End PBXBuildFile section */

/* Begin PBXContainerItemProxy section */
		20FBB6AD1ADEDA04000C8043 /* PBXContainerItemProxy */ = {
			isa = PBXContainerItemProxy;
			containerPortal = 20FBB68F1ADEDA03000C8043 /* Project object */;
			proxyType = 1;
			remoteGlobalIDString = 20FBB6961ADEDA03000C8043;
			remoteInfo = TipCalculator;
		};
/* End PBXContainerItemProxy section */

/* Begin PBXFileReference section */
		20FBB6971ADEDA03000C8043 /* TipCalculator.app */ = {isa = PBXFileReference; explicitFileType = wrapper.application; includeInIndex = 0; path = TipCalculator.app; sourceTree = BUILT_PRODUCTS_DIR; };
		20FBB69B1ADEDA03000C8043 /* Info.plist */ = {isa = PBXFileReference; lastKnownFileType = text.plist.xml; path = Info.plist; sourceTree = "<group>"; };
		20FBB69C1ADEDA03000C8043 /* AppDelegate.swift */ = {isa = PBXFileReference; lastKnownFileType = sourcecode.swift; path = AppDelegate.swift; sourceTree = "<group>"; };
		20FBB69E1ADEDA03000C8043 /* ViewController.swift */ = {isa = PBXFileReference; lastKnownFileType = sourcecode.swift; path = ViewController.swift; sourceTree = "<group>"; };
		20FBB6A11ADEDA03000C8043 /* Base */ = {isa = PBXFileReference; lastKnownFileType = file.storyboard; name = Base; path = Base.lproj/Main.storyboard; sourceTree = "<group>"; };
		20FBB6A31ADEDA03000C8043 /* Images.xcassets */ = {isa = PBXFileReference; lastKnownFileType = folder.assetcatalog; path = Images.xcassets; sourceTree = "<group>"; };
		20FBB6A61ADEDA03000C8043 /* Base */ = {isa = PBXFileReference; lastKnownFileType = file.xib; name = Base; path = Base.lproj/LaunchScreen.xib; sourceTree = "<group>"; };
		20FBB6AC1ADEDA04000C8043 /* TipCalculatorTests.xctest */ = {isa = PBXFileReference; explicitFileType = wrapper.cfbundle; includeInIndex = 0; path = TipCalculatorTests.xctest; sourceTree = BUILT_PRODUCTS_DIR; };
		20FBB6B11ADEDA04000C8043 /* Info.plist */ = {isa = PBXFileReference; lastKnownFileType = text.plist.xml; path = Info.plist; sourceTree = "<group>"; };
		20FBB6B21ADEDA04000C8043 /* TipCalculatorTests.swift */ = {isa = PBXFileReference; lastKnownFileType = sourcecode.swift; path = TipCalculatorTests.swift; sourceTree = "<group>"; };
		20FBB6BC1ADEDBB9000C8043 /* TipCalculatorModel.swift */ = {isa = PBXFileReference; fileEncoding = 4; lastKnownFileType = sourcecode.swift; path = TipCalculatorModel.swift; sourceTree = "<group>"; };
/* End PBXFileReference section */

/* Begin PBXFrameworksBuildPhase section */
		20FBB6941ADEDA03000C8043 /* Frameworks */ = {
			isa = PBXFrameworksBuildPhase;
			buildActionMask = 2147483647;
			files = (
			);
			runOnlyForDeploymentPostprocessing = 0;
		};
		20FBB6A91ADEDA04000C8043 /* Frameworks */ = {
			isa = PBXFrameworksBuildPhase;
			buildActionMask = 2147483647;
			files = (
			);
			runOnlyForDeploymentPostprocessing = 0;
		};
/* End PBXFrameworksBuildPhase section */

/* Begin PBXGroup section */
		20FBB68E1ADEDA03000C8043 = {
			isa = PBXGroup;
			children = (
				20FBB6BC1ADEDBB9000C8043 /* TipCalculatorModel.swift */,
				20FBB6991ADEDA03000C8043 /* TipCalculator */,
				20FBB6AF1ADEDA04000C8043 /* TipCalculatorTests */,
				20FBB6981ADEDA03000C8043 /* Products */,
			);
			sourceTree = "<group>";
		};
		20FBB6981ADEDA03000C8043 /* Products */ = {
			isa = PBXGroup;
			children = (
				20FBB6971ADEDA03000C8043 /* TipCalculator.app */,
				20FBB6AC1ADEDA04000C8043 /* TipCalculatorTests.xctest */,
			);
			name = Products;
			sourceTree = "<group>";
		};
		20FBB6991ADEDA03000C8043 /* TipCalculator */ = {
			isa = PBXGroup;
			children = (
				20FBB69C1ADEDA03000C8043 /* AppDelegate.swift */,
				20FBB69E1ADEDA03000C8043 /* ViewController.swift */,
				20FBB6A01ADEDA03000C8043 /* Main.storyboard */,
				20FBB6A31ADEDA03000C8043 /* Images.xcassets */,
				20FBB6A51ADEDA03000C8043 /* LaunchScreen.xib */,
				20FBB69A1ADEDA03000C8043 /* Supporting Files */,
			);
			path = TipCalculator;
			sourceTree = "<group>";
		};
		20FBB69A1ADEDA03000C8043 /* Supporting Files */ = {
			isa = PBXGroup;
			children = (
				20FBB69B1ADEDA03000C8043 /* Info.plist */,
			);
			name = "Supporting Files";
			sourceTree = "<group>";
		};
		20FBB6AF1ADEDA04000C8043 /* TipCalculatorTests */ = {
			isa = PBXGroup;
			children = (
				20FBB6B21ADEDA04000C8043 /* TipCalculatorTests.swift */,
				20FBB6B01ADEDA04000C8043 /* Supporting Files */,
			);
			path = TipCalculatorTests;
			sourceTree = "<group>";
		};
		20FBB6B01ADEDA04000C8043 /* Supporting Files */ = {
			isa = PBXGroup;
			children = (
				20FBB6B11ADEDA04000C8043 /* Info.plist */,
			);
			name = "Supporting Files";
			sourceTree = "<group>";
		};
/* End PBXGroup section */

/* Begin PBXNativeTarget section */
		20FBB6961ADEDA03000C8043 /* TipCalculator */ = {
			isa = PBXNativeTarget;
			buildConfigurationList = 20FBB6B61ADEDA04000C8043 /* Build configuration list for PBXNativeTarget "TipCalculator" */;
			buildPhases = (
				20FBB6931ADEDA03000C8043 /* Sources */,
				20FBB6941ADEDA03000C8043 /* Frameworks */,
				20FBB6951ADEDA03000C8043 /* Resources */,
			);
			buildRules = (
			);
			dependencies = (
			);
			name = TipCalculator;
			productName = TipCalculator;
			productReference = 20FBB6971ADEDA03000C8043 /* TipCalculator.app */;
			productType = "com.apple.product-type.application";
		};
		20FBB6AB1ADEDA04000C8043 /* TipCalculatorTests */ = {
			isa = PBXNativeTarget;
			buildConfigurationList = 20FBB6B91ADEDA04000C8043 /* Build configuration list for PBXNativeTarget "TipCalculatorTests" */;
			buildPhases = (
				20FBB6A81ADEDA04000C8043 /* Sources */,
				20FBB6A91ADEDA04000C8043 /* Frameworks */,
				20FBB6AA1ADEDA04000C8043 /* Resources */,
			);
			buildRules = (
			);
			dependencies = (
				20FBB6AE1ADEDA04000C8043 /* PBXTargetDependency */,
			);
			name = TipCalculatorTests;
			productName = TipCalculatorTests;
			productReference = 20FBB6AC1ADEDA04000C8043 /* TipCalculatorTests.xctest */;
			productType = "com.apple.product-type.bundle.unit-test";
		};
/* End PBXNativeTarget section */

/* Begin PBXProject section */
		20FBB68F1ADEDA03000C8043 /* Project object */ = {
			isa = PBXProject;
			attributes = {
				LastUpgradeCheck = 0630;
				ORGANIZATIONNAME = "Stephen Calabro";
				TargetAttributes = {
					20FBB6961ADEDA03000C8043 = {
						CreatedOnToolsVersion = 6.3;
					};
					20FBB6AB1ADEDA04000C8043 = {
						CreatedOnToolsVersion = 6.3;
						TestTargetID = 20FBB6961ADEDA03000C8043;
					};
				};
			};
			buildConfigurationList = 20FBB6921ADEDA03000C8043 /* Build configuration list for PBXProject "TipCalculator" */;
			compatibilityVersion = "Xcode 3.2";
			developmentRegion = English;
			hasScannedForEncodings = 0;
			knownRegions = (
				en,
				Base,
			);
			mainGroup = 20FBB68E1ADEDA03000C8043;
			productRefGroup = 20FBB6981ADEDA03000C8043 /* Products */;
			projectDirPath = "";
			projectRoot = "";
			targets = (
				20FBB6961ADEDA03000C8043 /* TipCalculator */,
				20FBB6AB1ADEDA04000C8043 /* TipCalculatorTests */,
			);
		};
/* End PBXProject section */

/* Begin PBXResourcesBuildPhase section */
		20FBB6951ADEDA03000C8043 /* Resources */ = {
			isa = PBXResourcesBuildPhase;
			buildActionMask = 2147483647;
			files = (
				20FBB6A21ADEDA03000C8043 /* Main.storyboard in Resources */,
				20FBB6A71ADEDA03000C8043 /* LaunchScreen.xib in Resources */,
				20FBB6A41ADEDA03000C8043 /* Images.xcassets in Resources */,
			);
			runOnlyForDeploymentPostprocessing = 0;
		};
		20FBB6AA1ADEDA04000C8043 /* Resources */ = {
			isa = PBXResourcesBuildPhase;
			buildActionMask = 2147483647;
			files = (
			);
			runOnlyForDeploymentPostprocessing = 0;
		};
/* End PBXResourcesBuildPhase section */

/* Begin PBXSourcesBuildPhase section */
		20FBB6931ADEDA03000C8043 /* Sources */ = {
			isa = PBXSourcesBuildPhase;
			buildActionMask = 2147483647;
			files = (
				20FBB6BD1ADEDBB9000C8043 /* TipCalculatorModel.swift in Sources */,
				20FBB69F1ADEDA03000C8043 /* ViewController.swift in Sources */,
				20FBB69D1ADEDA03000C8043 /* AppDelegate.swift in Sources */,
			);
			runOnlyForDeploymentPostprocessing = 0;
		};
		20FBB6A81ADEDA04000C8043 /* Sources */ = {
			isa = PBXSourcesBuildPhase;
			buildActionMask = 2147483647;
			files = (
				20FBB6B31ADEDA04000C8043 /* TipCalculatorTests.swift in Sources */,
			);
			runOnlyForDeploymentPostprocessing = 0;
		};
/* End PBXSourcesBuildPhase section */

/* Begin PBXTargetDependency section */
		20FBB6AE1ADEDA04000C8043 /* PBXTargetDependency */ = {
			isa = PBXTargetDependency;
			target = 20FBB6961ADEDA03000C8043 /* TipCalculator */;
			targetProxy = 20FBB6AD1ADEDA04000C8043 /* PBXContainerItemProxy */;
		};
/* End PBXTargetDependency section */

/* Begin PBXVariantGroup section */
		20FBB6A01ADEDA03000C8043 /* Main.storyboard */ = {
			isa = PBXVariantGroup;
			children = (
				20FBB6A11ADEDA03000C8043 /* Base */,
			);
			name = Main.storyboard;
			sourceTree = "<group>";
		};
		20FBB6A51ADEDA03000C8043 /* LaunchScreen.xib */ = {
			isa = PBXVariantGroup;
			children = (
				20FBB6A61ADEDA03000C8043 /* Base */,
			);
			name = LaunchScreen.xib;
			sourceTree = "<group>";
		};
/* End PBXVariantGroup section */

/* Begin XCBuildConfiguration section */
		20FBB6B41ADEDA04000C8043 /* Debug */ = {
			isa = XCBuildConfiguration;
			buildSettings = {
				ALWAYS_SEARCH_USER_PATHS = NO;
				CLANG_CXX_LANGUAGE_STANDARD = "gnu++0x";
				CLANG_CXX_LIBRARY = "libc++";
				CLANG_ENABLE_MODULES = YES;
				CLANG_ENABLE_OBJC_ARC = YES;
				CLANG_WARN_BOOL_CONVERSION = YES;
				CLANG_WARN_CONSTANT_CONVERSION = YES;
				CLANG_WARN_DIRECT_OBJC_ISA_USAGE = YES_ERROR;
				CLANG_WARN_EMPTY_BODY = YES;
				CLANG_WARN_ENUM_CONVERSION = YES;
				CLANG_WARN_INT_CONVERSION = YES;
				CLANG_WARN_OBJC_ROOT_CLASS = YES_ERROR;
				CLANG_WARN_UNREACHABLE_CODE = YES;
				CLANG_WARN__DUPLICATE_METHOD_MATCH = YES;
				"CODE_SIGN_IDENTITY[sdk=iphoneos*]" = "iPhone Developer";
				COPY_PHASE_STRIP = NO;
				DEBUG_INFORMATION_FORMAT = "dwarf-with-dsym";
				ENABLE_STRICT_OBJC_MSGSEND = YES;
				GCC_C_LANGUAGE_STANDARD = gnu99;
				GCC_DYNAMIC_NO_PIC = NO;
				GCC_NO_COMMON_BLOCKS = YES;
				GCC_OPTIMIZATION_LEVEL = 0;
				GCC_PREPROCESSOR_DEFINITIONS = (
					"DEBUG=1",
					"$(inherited)",
				);
				GCC_SYMBOLS_PRIVATE_EXTERN = NO;
				GCC_WARN_64_TO_32_BIT_CONVERSION = YES;
				GCC_WARN_ABOUT_RETURN_TYPE = YES_ERROR;
				GCC_WARN_UNDECLARED_SELECTOR = YES;
				GCC_WARN_UNINITIALIZED_AUTOS = YES_AGGRESSIVE;
				GCC_WARN_UNUSED_FUNCTION = YES;
				GCC_WARN_UNUSED_VARIABLE = YES;
				IPHONEOS_DEPLOYMENT_TARGET = 8.3;
				MTL_ENABLE_DEBUG_INFO = YES;
				ONLY_ACTIVE_ARCH = YES;
				SDKROOT = iphoneos;
				SWIFT_OPTIMIZATION_LEVEL = "-Onone";
			};
			name = Debug;
		};
		20FBB6B51ADEDA04000C8043 /* Release */ = {
			isa = XCBuildConfiguration;
			buildSettings = {
				ALWAYS_SEARCH_USER_PATHS = NO;
				CLANG_CXX_LANGUAGE_STANDARD = "gnu++0x";
				CLANG_CXX_LIBRARY = "libc++";
				CLANG_ENABLE_MODULES = YES;
				CLANG_ENABLE_OBJC_ARC = YES;
				CLANG_WARN_BOOL_CONVERSION = YES;
				CLANG_WARN_CONSTANT_CONVERSION = YES;
				CLANG_WARN_DIRECT_OBJC_ISA_USAGE = YES_ERROR;
				CLANG_WARN_EMPTY_BODY = YES;
				CLANG_WARN_ENUM_CONVERSION = YES;
				CLANG_WARN_INT_CONVERSION = YES;
				CLANG_WARN_OBJC_ROOT_CLASS = YES_ERROR;
				CLANG_WARN_UNREACHABLE_CODE = YES;
				CLANG_WARN__DUPLICATE_METHOD_MATCH = YES;
				"CODE_SIGN_IDENTITY[sdk=iphoneos*]" = "iPhone Developer";
				COPY_PHASE_STRIP = NO;
				DEBUG_INFORMATION_FORMAT = "dwarf-with-dsym";
				ENABLE_NS_ASSERTIONS = NO;
				ENABLE_STRICT_OBJC_MSGSEND = YES;
				GCC_C_LANGUAGE_STANDARD = gnu99;
				GCC_NO_COMMON_BLOCKS = YES;
				GCC_WARN_64_TO_32_BIT_CONVERSION = YES;
				GCC_WARN_ABOUT_RETURN_TYPE = YES_ERROR;
				GCC_WARN_UNDECLARED_SELECTOR = YES;
				GCC_WARN_UNINITIALIZED_AUTOS = YES_AGGRESSIVE;
				GCC_WARN_UNUSED_FUNCTION = YES;
				GCC_WARN_UNUSED_VARIABLE = YES;
				IPHONEOS_DEPLOYMENT_TARGET = 8.3;
				MTL_ENABLE_DEBUG_INFO = NO;
				SDKROOT = iphoneos;
				VALIDATE_PRODUCT = YES;
			};
			name = Release;
		};
		20FBB6B71ADEDA04000C8043 /* Debug */ = {
			isa = XCBuildConfiguration;
			buildSettings = {
				ASSETCATALOG_COMPILER_APPICON_NAME = AppIcon;
				INFOPLIST_FILE = TipCalculator/Info.plist;
				IPHONEOS_DEPLOYMENT_TARGET = 7.0;
				LD_RUNPATH_SEARCH_PATHS = "$(inherited) @executable_path/Frameworks";
				PRODUCT_NAME = "$(TARGET_NAME)";
				TARGETED_DEVICE_FAMILY = "1,2";
			};
			name = Debug;
		};
		20FBB6B81ADEDA04000C8043 /* Release */ = {
			isa = XCBuildConfiguration;
			buildSettings = {
				ASSETCATALOG_COMPILER_APPICON_NAME = AppIcon;
				INFOPLIST_FILE = TipCalculator/Info.plist;
				IPHONEOS_DEPLOYMENT_TARGET = 7.0;
				LD_RUNPATH_SEARCH_PATHS = "$(inherited) @executable_path/Frameworks";
				PRODUCT_NAME = "$(TARGET_NAME)";
				TARGETED_DEVICE_FAMILY = "1,2";
			};
			name = Release;
		};
		20FBB6BA1ADEDA04000C8043 /* Debug */ = {
			isa = XCBuildConfiguration;
			buildSettings = {
				BUNDLE_LOADER = "$(TEST_HOST)";
				FRAMEWORK_SEARCH_PATHS = (
					"$(SDKROOT)/Developer/Library/Frameworks",
					"$(inherited)",
				);
				GCC_PREPROCESSOR_DEFINITIONS = (
					"DEBUG=1",
					"$(inherited)",
				);
				INFOPLIST_FILE = TipCalculatorTests/Info.plist;
				LD_RUNPATH_SEARCH_PATHS = "$(inherited) @executable_path/Frameworks @loader_path/Frameworks";
				PRODUCT_NAME = "$(TARGET_NAME)";
				TEST_HOST = "$(BUILT_PRODUCTS_DIR)/TipCalculator.app/TipCalculator";
			};
			name = Debug;
		};
		20FBB6BB1ADEDA04000C8043 /* Release */ = {
			isa = XCBuildConfiguration;
			buildSettings = {
				BUNDLE_LOADER = "$(TEST_HOST)";
				FRAMEWORK_SEARCH_PATHS = (
					"$(SDKROOT)/Developer/Library/Frameworks",
					"$(inherited)",
				);
				INFOPLIST_FILE = TipCalculatorTests/Info.plist;
				LD_RUNPATH_SEARCH_PATHS = "$(inherited) @executable_path/Frameworks @loader_path/Frameworks";
				PRODUCT_NAME = "$(TARGET_NAME)";
				TEST_HOST = "$(BUILT_PRODUCTS_DIR)/TipCalculator.app/TipCalculator";
			};
			name = Release;
		};
/* End XCBuildConfiguration section */

/* Begin XCConfigurationList section */
		20FBB6921ADEDA03000C8043 /* Build configuration list for PBXProject "TipCalculator" */ = {
			isa = XCConfigurationList;
			buildConfigurations = (
				20FBB6B41ADEDA04000C8043 /* Debug */,
				20FBB6B51ADEDA04000C8043 /* Release */,
			);
			defaultConfigurationIsVisible = 0;
			defaultConfigurationName = Release;
		};
		20FBB6B61ADEDA04000C8043 /* Build configuration list for PBXNativeTarget "TipCalculator" */ = {
			isa = XCConfigurationList;
			buildConfigurations = (
				20FBB6B71ADEDA04000C8043 /* Debug */,
				20FBB6B81ADEDA04000C8043 /* Release */,
			);
			defaultConfigurationIsVisible = 0;
		};
		20FBB6B91ADEDA04000C8043 /* Build configuration list for PBXNativeTarget "TipCalculatorTests" */ = {
			isa = XCConfigurationList;
			buildConfigurations = (
				20FBB6BA1ADEDA04000C8043 /* Debug */,
				20FBB6BB1ADEDA04000C8043 /* Release */,
			);
			defaultConfigurationIsVisible = 0;
		};
/* End XCConfigurationList section */
	};
	rootObject = 20FBB68F1ADEDA03000C8043 /* Project object */;
}
